
Microsoft Visual Studio Solution File, Format Version 12.00
# Visual Studio Version 16
VisualStudioVersion = 16.0.30128.74
MinimumVisualStudioVersion = 10.0.40219.1
Project("{FAE04EC0-301F-11D3-BF4B-00C04F79EFBC}") = "GWIoTCore.NET", "GWIoTCore.NET\GWIoTCore.NET.csproj", "{B94A296F-BA6E-4915-803B-C987151579C1}"
EndProject
Global
	GlobalSection(SolutionConfigurationPlatforms) = preSolution
		Debug|Any CPU = Debug|Any CPU
		Release|Any CPU = Release|Any CPU
	EndGlobalSection
	GlobalSection(ProjectConfigurationPlatforms) = postSolution
		{B94A296F-BA6E-4915-803B-C987151579C1}.Debug|Any CPU.ActiveCfg = Debug|Any CPU
		{B94A296F-BA6E-4915-803B-C987151579C1}.Debug|Any CPU.Build.0 = Debug|Any CPU
		{B94A296F-BA6E-4915-803B-C987151579C1}.Release|Any CPU.ActiveCfg = Release|Any CPU
		{B94A296F-BA6E-4915-803B-C987151579C1}.Release|Any CPU.Build.0 = Release|Any CPU
	EndGlobalSection
	GlobalSection(SolutionProperties) = preSolution
		HideSolutionNode = FALSE
	EndGlobalSection
	GlobalSection(ExtensibilityGlobals) = postSolution
		SolutionGuid = {2B135DE9-5624-4D75-A0AF-431BAB94ECBD}
	EndGlobalSection
EndGlobal
