
Microsoft Visual Studio Solution File, Format Version 12.00
# Visual Studio Version 16
VisualStudioVersion = 16.0.30128.74
MinimumVisualStudioVersion = 10.0.40219.1
Project("{FAE04EC0-301F-11D3-BF4B-00C04F79EFBC}") = "GWRandoms.STD", "GWRandoms.STD\GWRandoms.STD.csproj", "{D098B840-F0CB-423D-A80D-B87CD20D4995}"
EndProject
Global
	GlobalSection(SolutionConfigurationPlatforms) = preSolution
		Debug|Any CPU = Debug|Any CPU
		Release|Any CPU = Release|Any CPU
	EndGlobalSection
	GlobalSection(ProjectConfigurationPlatforms) = postSolution
		{D098B840-F0CB-423D-A80D-B87CD20D4995}.Debug|Any CPU.ActiveCfg = Debug|Any CPU
		{D098B840-F0CB-423D-A80D-B87CD20D4995}.Debug|Any CPU.Build.0 = Debug|Any CPU
		{D098B840-F0CB-423D-A80D-B87CD20D4995}.Release|Any CPU.ActiveCfg = Release|Any CPU
		{D098B840-F0CB-423D-A80D-B87CD20D4995}.Release|Any CPU.Build.0 = Release|Any CPU
	EndGlobalSection
	GlobalSection(SolutionProperties) = preSolution
		HideSolutionNode = FALSE
	EndGlobalSection
	GlobalSection(ExtensibilityGlobals) = postSolution
		SolutionGuid = {C5C2484D-A8A5-4B19-8FE0-9F35864F6E7F}
	EndGlobalSection
EndGlobal
