
Microsoft Visual Studio Solution File, Format Version 12.00
# Visual Studio Version 16
VisualStudioVersion = 16.0.30114.105
MinimumVisualStudioVersion = 10.0.40219.1
Project("{FAE04EC0-301F-11D3-BF4B-00C04F79EFBC}") = "GWVideo.Wpf", "GWVideo.Wpf\GWVideo.Wpf.csproj", "{1C0CAB9D-EBEC-4F99-A3E2-023D14AE04C1}"
EndProject
Global
	GlobalSection(SolutionConfigurationPlatforms) = preSolution
		Debug|Any CPU = Debug|Any CPU
		Release|Any CPU = Release|Any CPU
	EndGlobalSection
	GlobalSection(ProjectConfigurationPlatforms) = postSolution
		{1C0CAB9D-EBEC-4F99-A3E2-023D14AE04C1}.Debug|Any CPU.ActiveCfg = Debug|Any CPU
		{1C0CAB9D-EBEC-4F99-A3E2-023D14AE04C1}.Debug|Any CPU.Build.0 = Debug|Any CPU
		{1C0CAB9D-EBEC-4F99-A3E2-023D14AE04C1}.Release|Any CPU.ActiveCfg = Release|Any CPU
		{1C0CAB9D-EBEC-4F99-A3E2-023D14AE04C1}.Release|Any CPU.Build.0 = Release|Any CPU
	EndGlobalSection
	GlobalSection(SolutionProperties) = preSolution
		HideSolutionNode = FALSE
	EndGlobalSection
	GlobalSection(ExtensibilityGlobals) = postSolution
		SolutionGuid = {8562F5D6-B38C-414A-822E-3F02AFEFA507}
	EndGlobalSection
EndGlobal
